
Microsoft Visual Studio Solution File, Format Version 11.00
# Visual Studio 2010
Project("{FAE04EC0-301F-11D3-BF4B-00C04F79EFBC}") = "Assembly-CSharp", "Assembly-CSharp.csproj", "{e27a91d9-4139-b283-2564-a62131bf46c4}"
EndProject
Project("{FAE04EC0-301F-11D3-BF4B-00C04F79EFBC}") = "Assembly-CSharp-Editor", "Assembly-CSharp-Editor.csproj", "{156b7c20-f99f-e610-9ebf-7b93a6cde015}"
EndProject
Global
	GlobalSection(SolutionConfigurationPlatforms) = preSolution
		Debug|Any CPU = Debug|Any CPU
	EndGlobalSection
	GlobalSection(ProjectConfigurationPlatforms) = postSolution
		{e27a91d9-4139-b283-2564-a62131bf46c4}.Debug|Any CPU.ActiveCfg = Debug|Any CPU
		{e27a91d9-4139-b283-2564-a62131bf46c4}.Debug|Any CPU.Build.0 = Debug|Any CPU
		{156b7c20-f99f-e610-9ebf-7b93a6cde015}.Debug|Any CPU.ActiveCfg = Debug|Any CPU
		{156b7c20-f99f-e610-9ebf-7b93a6cde015}.Debug|Any CPU.Build.0 = Debug|Any CPU
	EndGlobalSection
	GlobalSection(SolutionProperties) = preSolution
		HideSolutionNode = FALSE
	EndGlobalSection
EndGlobal
