
Microsoft Visual Studio Solution File, Format Version 11.00
# Visual Studio 2010
Project("{FAE04EC0-301F-11D3-BF4B-00C04F79EFBC}") = "Assembly-CSharp", "Assembly-CSharp.csproj", "{1fe4fe5b-da07-1260-a42d-f19b3256abd5}"
EndProject
Project("{FAE04EC0-301F-11D3-BF4B-00C04F79EFBC}") = "Assembly-CSharp-firstpass", "Assembly-CSharp-firstpass.csproj", "{7151d2e4-d477-3472-4567-8e3db57a8947}"
EndProject
Global
	GlobalSection(SolutionConfigurationPlatforms) = preSolution
		Debug|Any CPU = Debug|Any CPU
	EndGlobalSection
	GlobalSection(ProjectConfigurationPlatforms) = postSolution
		{1fe4fe5b-da07-1260-a42d-f19b3256abd5}.Debug|Any CPU.ActiveCfg = Debug|Any CPU
		{1fe4fe5b-da07-1260-a42d-f19b3256abd5}.Debug|Any CPU.Build.0 = Debug|Any CPU
		{7151d2e4-d477-3472-4567-8e3db57a8947}.Debug|Any CPU.ActiveCfg = Debug|Any CPU
		{7151d2e4-d477-3472-4567-8e3db57a8947}.Debug|Any CPU.Build.0 = Debug|Any CPU
	EndGlobalSection
	GlobalSection(SolutionProperties) = preSolution
		HideSolutionNode = FALSE
	EndGlobalSection
EndGlobal
